# THIS IS AN AUTOGENERATED FILE. DO NOT EDIT THIS FILE DIRECTLY.
# yarn lockfile v1


wait-for-it.sh@^1.0.0:
  version "1.0.0"
  resolved "https://registry.npm.taobao.org/wait-for-it.sh/download/wait-for-it.sh-1.0.0.tgz#eb3ef861cc6c0e0700b7bc3f0885722af4d0b428"
  integrity sha1-6z74YcxsDgcAt7w/CIVyKvTQtCg=

wait-for-it@^1.0.0:
  version "1.0.0"
  resolved "https://registry.npm.taobao.org/wait-for-it/download/wait-for-it-1.0.0.tgz#db74432f0480d789c5b5405dbd6301fd4061f778"
  integrity sha1-23RDLwSA14nFtUBdvWMB/UBh93g=
